# THIS IS AN AUTOGENERATED FILE. DO NOT EDIT THIS FILE DIRECTLY.
# yarn lockfile v1


nan@^2.14.0:
  version "2.14.0"
  resolved "https://registry.yarnpkg.com/nan/-/nan-2.14.0.tgz#7818f722027b2459a86f0295d434d1fc2336c52c"
  integrity sha512-INOFj37C7k3AfaNTtX8RhsTw7qRy7eLET14cROi9+5HAVbbHuIWUHEauBv5qT4Av2tWasiTY1Jw6puUNqRJXQg==

oniguruma@^7.2.0:
  version "7.2.1"
  resolved "https://registry.yarnpkg.com/oniguruma/-/oniguruma-7.2.1.tgz#51775834f7819b6e31aa878706aa7f65ad16b07f"
  integrity sha512-WPS/e1uzhswPtJSe+Zls/kAj27+lEqZjCmRSjnYk/Z4L2Mu+lJC2JWtkZhPJe4kZeTQfz7ClcLyXlI4J68MG2w==
  dependencies:
    nan "^2.14.0"

vscode-textmate@^4.4.0:
  version "4.4.0"
  resolved "https://registry.yarnpkg.com/vscode-textmate/-/vscode-textmate-4.4.0.tgz#14032afeb50152e8f53258c95643e555f2948305"
  integrity sha512-dFpm2eK0HwEjeFSD1DDh3j0q47bDSVuZt20RiJWxGqjtm73Wu2jip3C2KaZI3dQx/fSeeXCr/uEN4LNaNj7Ytw==
  dependencies:
    oniguruma "^7.2.0"
